lockfileVersion: '9.0'

settings:
  autoInstallPeers: true
  excludeLinksFromLockfile: false

importers:

  .:
    dependencies:
      react:
        specifier: 19.2.7
        version: 19.2.7
      react-dom:
        specifier: 19.2.7
        version: 19.2.7(react@19.2.7)
    devDependencies:
      '@module-federation/rsbuild-plugin':
        specifier: 2.5.1
        version: 2.5.1(@rsbuild/core@2.0.12(@module-federation/runtime-tools@2.5.1(node-fetch@2.7.0(encoding@0.1.13))))(@rspack/core@2.0.8(@module-federation/runtime-tools@2.5.1(node-fetch@2.7.0(encoding@0.1.13)))(@swc/helpers@0.5.23))(node-fetch@2.7.0(encoding@0.1.13))(typescript@6.0.3)
      '@rsbuild/core':
        specifier: 2.0.12
        version: 2.0.12(@module-federation/runtime-tools@2.5.1(node-fetch@2.7.0(encoding@0.1.13)))
      '@rsbuild/plugin-react':
        specifier: 2.0.1
        version: 2.0.1(@rsbuild/core@2.0.12(@module-federation/runtime-tools@2.5.1(node-fetch@2.7.0(encoding@0.1.13))))(@rspack/core@2.0.8(@module-federation/runtime-tools@2.5.1(node-fetch@2.7.0(encoding@0.1.13)))(@swc/helpers@0.5.23))
      '@types/react':
        specifier: 19.2.17
        version: 19.2.17
      '@types/react-dom':
        specifier: 19.2.3
        version: 19.2.3(@types/react@19.2.17)
      typescript:
        specifier: 6.0.3
        version: 6.0.3

packages:

  '@emnapi/core@1.10.0':
    resolution: {integrity: sha512-yq6OkJ4p82CAfPl0u9mQebQHKPJkY7WrIuk205cTYnYe+k2Z8YBh11FrbRG/H6ihirqcacOgl2BIO8oyMQLeXw==}

  '@emnapi/runtime@1.10.0':
    resolution: {integrity: sha512-ewvYlk86xUoGI0zQRNq/mC+16R1QeDlKQy21Ki3oSYXNgLb45GV1P6A0M+/s6nyCuNDqe5VpaY84BzXGwVbwFA==}

  '@emnapi/wasi-threads@1.2.1':
    resolution: {integrity: sha512-uTII7OYF+/Mes/MrcIOYp5yOtSMLBWSIoLPpcgwipoiKbli6k322tcoFsxoIIxPDqW01SQGAgko4EzZi2BNv2w==}

  '@module-federation/bridge-react-webpack-plugin@2.5.1':
    resolution: {integrity: sha512-bMRKo1ac6dYUhvPWH6ElFRfR+yWjbCse2mwu9fEzjemeaAqqse0K7XBIrW+4HcU7k/A6fu4Dk8o137ol6ZFXvw==}

  '@module-federation/cli@2.5.1':
    resolution: {integrity: sha512-Y5dQrcPoph91KAzg6XXQ40faqFQ4iPwq3JuvFbsawyKwhQ/+aHkaH7cfclNbNr9pHGiiozkdxb22zK3oJRI3rw==}
    engines: {node: '>=16.0.0'}
    hasBin: true

  '@module-federation/dts-plugin@2.5.1':
    resolution: {integrity: sha512-XylIL02As+VXk4DzFb8qYQs1YYoY0MZOpIqhf06LMkZBjPdOE0wJ1GOBvhFP9kM/cfuK7QV//mNdrWlZgvEkRA==}
    peerDependencies:
      typescript: ^4.9.0 || ^5.0.0
      vue-tsc: '>=1.0.24'
    peerDependenciesMeta:
      vue-tsc:
        optional: true

  '@module-federation/enhanced@2.5.1':
    resolution: {integrity: sha512-uddrS58NxOW2lsLfXLHenzfX37QMuZ0g03nG9SVhqfo3tMdP9877SLaMKRpoOvy7YQRfrXVAGF//9U9QtEWr7A==}
    hasBin: true
    peerDependencies:
      typescript: ^4.9.0 || ^5.0.0
      vue-tsc: '>=1.0.24'
      webpack: ^5.0.0
    peerDependenciesMeta:
      typescript:
        optional: true
      vue-tsc:
        optional: true
      webpack:
        optional: true

  '@module-federation/error-codes@2.5.1':
    resolution: {integrity: sha512-3KIR8XbEW0Y+Fn8IAnxzDWMvXQWiS40Z1TE/Fft9aTeXP9dDAM7AiVhjTh5yF2csAwHSt/1LJVZbiCmS13mE8A==}

  '@module-federation/inject-external-runtime-core-plugin@2.5.1':
    resolution: {integrity: sha512-cCFCQ0j0xObXwVwBq/ZiU+MMdJrE2OVwdPUR7l6NHKKwKAOmkagM+AE5wNEkzVht6m+Dh6x6/5UTqqa/vbDrjQ==}
    peerDependencies:
      '@module-federation/runtime-tools': 2.5.1

  '@module-federation/managers@2.5.1':
    resolution: {integrity: sha512-AWbkH/U76FJDbdwBOodQ1An40WOdrDGAgqUMc8RD62+Ec/ocPfda0NhFcJbPxlUIvSFPTvBv6DwTnygmNC7GPA==}

  '@module-federation/manifest@2.5.1':
    resolution: {integrity: sha512-z44Fita44rpLufoEW71tWw+eWGMVLVQzT2OjrzOHH8JLPOX3czT0INPwVbRp9v8puzWiU6Kz5W6PqelqutpJKA==}

  '@module-federation/node@2.7.44':
    resolution: {integrity: sha512-XlwBWbSX2RMQM7dKQifUsMncDtvjeMFGH5LW6yG2cM/nqrM9uvN0QaG3AJIbYXKpOqH94x/XfP7jBV5JYyWpzQ==}
    peerDependencies:
      webpack: ^5.40.0
    peerDependenciesMeta:
      webpack:
        optional: true

  '@module-federation/rsbuild-plugin@2.5.1':
    resolution: {integrity: sha512-W7ZegPIOK7hMbfqyVaKR/cWZg/OkAxNQYpx6apg4Hl5CFWwgkcXFIe/dJAPV7u8hVn43UhfILbuuqOU+1yn8SA==}
    engines: {node: '>=16.0.0'}
    peerDependencies:
      '@rsbuild/core': ^1.3.21 || ^2.0.0-0
    peerDependenciesMeta:
      '@rsbuild/core':
        optional: true

  '@module-federation/rspack@2.5.1':
    resolution: {integrity: sha512-9Qu4Q7P4VHUhMQLHKA95x3L85WKPtk2Lz0VPpUprIwlKhKgZbuy5ou2PjlWiaPIffWo1JsVfoBi+P9dtpOeEsw==}
    peerDependencies:
      '@rspack/core': ^0.7.0 || ^1.0.0 || ^2.0.0-0
      typescript: ^4.9.0 || ^5.0.0
      vue-tsc: '>=1.0.24'
    peerDependenciesMeta:
      typescript:
        optional: true
      vue-tsc:
        optional: true

  '@module-federation/runtime-core@2.5.1':
    resolution: {integrity: sha512-UMuMsWHXeMrm8Isl8YD6/s1jmTVau3SQhp9RO4Ln+eD2lrjM4hQSwOX2xPtfT1C1I4/E6hgyZQV1K1Q/3Zpr0Q==}

  '@module-federation/runtime-tools@2.5.1':
    resolution: {integrity: sha512-pYUNvaQQBEwP66TLrjmmfkDIrTmPnX0kK86HgClkWLQKkX/oCgnqDxEgNbjeCc75dwUvZP6fW2d0pZ5++XILTw==}

  '@module-federation/runtime@2.5.1':
    resolution: {integrity: sha512-Tf33FIpnQMn8FjIUAQMtSTYQgGibfh5vEvJihFO3q/hG9LiWwLMErZvOz/+wcPsE81gzHjYPxQgMKGSP3BuG8g==}

  '@module-federation/sdk@2.5.1':
    resolution: {integrity: sha512-FDhCx81ZCxX1oT/fyt/bW+gpPt287GR156E/Thv1yhb9XyNHGNkqe8zqJOipOMfb07E22OMzSzOulCBvAOgn3g==}
    peerDependencies:
      node-fetch: ^2.7.0 || ^3.3.2
    peerDependenciesMeta:
      node-fetch:
        optional: true

  '@module-federation/third-party-dts-extractor@2.5.1':
    resolution: {integrity: sha512-/jD/o2IivDgg6jGUgdb9NZtlJWeoz1uKcblGL2BxYVzzlKT+1YS7Y2idTl1tqp4hNdFnDlPpQv6WLdKiLoOPNw==}

  '@module-federation/webpack-bundler-runtime@2.5.1':
    resolution: {integrity: sha512-0pUsP9aaWIUcfWUXqax/iSwozngORwf4RK0R1qTOYYC13qx+p4p1Ck28Rz6Tzj/6zpzJgcMQXR7nW4sL+ztaww==}

  '@napi-rs/wasm-runtime@1.1.4':
    resolution: {integrity: sha512-3NQNNgA1YSlJb/kMH1ildASP9HW7/7kYnRI2szWJaofaS1hWmbGI4H+d3+22aGzXXN9IJ+n+GiFVcGipJP18ow==}
    peerDependencies:
      '@emnapi/core': ^1.7.1
      '@emnapi/runtime': ^1.7.1

  '@rsbuild/core@2.0.12':
    resolution: {integrity: sha512-6f0M9TO4pAeM/VAshg9PajYK4IbfUB21Xun2kT0q3/SbBQ607KzkQZ6fmReuKUKCLbo26tGnbgg5P77eDDcfaA==}
    engines: {node: ^20.19.0 || >=22.12.0}
    hasBin: true
    peerDependencies:
      core-js: '>= 3.0.0'
    peerDependenciesMeta:
      core-js:
        optional: true

  '@rsbuild/plugin-react@2.0.1':
    resolution: {integrity: sha512-n5m3VxEm6m3Dv1VkI0WnxsildySJ6M+QjGIzkZDy5UebRCIJ1Q/hlQVyhofBL6C+AcsF9fGjlHQkeiteXJSr3Q==}
    peerDependencies:
      '@rsbuild/core': ^2.0.0-0
    peerDependenciesMeta:
      '@rsbuild/core':
        optional: true

  '@rspack/binding-darwin-arm64@2.0.8':
    resolution: {integrity: sha512-vCgbgH7B7qom+uID+RCZsTCOYFb9wC4/4+1U6rMfytrXGVJ72eNQs2tbdjOl0lb18CT3N/n+VkWynUiLk84GwA==}
    cpu: [arm64]
    os: [darwin]

  '@rspack/binding-darwin-x64@2.0.8':
    resolution: {integrity: sha512-satPm2PD4B7jDTVlVAdvMVdUszwLvWUEnUDzLb77mvVkezKNDZmuhb+e8s+FfKs8hJpNbZ9VAejuA2rr8o985w==}
    cpu: [x64]
    os: [darwin]

  '@rspack/binding-linux-arm64-gnu@2.0.8':
    resolution: {integrity: sha512-pSI+npPQE/uDtiboqvcOIRJbEV2+B+H1xffmko/gw50la92oTUW60kVULFwsb6L0+GVCzIcwX3yq60GtYIn+Ug==}
    cpu: [arm64]
    os: [linux]
    libc: [glibc]

  '@rspack/binding-linux-arm64-musl@2.0.8':
    resolution: {integrity: sha512-igjJ43yxWQ72GZqjDDZSSHax9/Vg+6rLMmOvFglTJUkQpB4Tyvu/YjW+WRjYj2xRw6blOjLxUSJWASvuSqqlvg==}
    cpu: [arm64]
    os: [linux]
    libc: [musl]

  '@rspack/binding-linux-x64-gnu@2.0.8':
    resolution: {integrity: sha512-zrkoEOnqj1hOEBO5T2I/2Ts2HSJsYFh1qXwMpK4dMJFGGNWDfNeUa6/LF5uq3VINF3JUl7RL47AgrucoSZJXPA==}
    cpu: [x64]
    os: [linux]
    libc: [glibc]

  '@rspack/binding-linux-x64-musl@2.0.8':
    resolution: {integrity: sha512-6CtDaGZjNDvJd9TBp7a9zABbrPORO21W96+3ZcGBn0YNUPUk4ARxIxrTTpeJ/1F41QDM8AYIkGDdqEYMqTYBsA==}
    cpu: [x64]
    os: [linux]
    libc: [musl]

  '@rspack/binding-wasm32-wasi@2.0.8':
    resolution: {integrity: sha512-Yf4SiqTUroT5Ju+te0YAY2xxKOb35tECsO21v7hYyGa705wrgoAK/MmF7enOvs9GR1iZIqgiLD/wxsIxl8GjJw==}
    cpu: [wasm32]

  '@rspack/binding-win32-arm64-msvc@2.0.8':
    resolution: {integrity: sha512-8NCuiQsAhXrwRBy57QZoypqrws/zLBkaQVGiB8hksr6v++8hNigNjqpQARLbd0iyMuHsQQ++8+auGk6xlDXmzw==}
    cpu: [arm64]
    os: [win32]

  '@rspack/binding-win32-ia32-msvc@2.0.8':
    resolution: {integrity: sha512-bxiekytbX7V9KFAra+HkwtNWC6pYfHEBBZFpiT0xUs3mCFOmAAFVBsBSQsoCP9AdCEXoMAvNdnrHNw3iov4OZw==}
    cpu: [ia32]
    os: [win32]

  '@rspack/binding-win32-x64-msvc@2.0.8':
    resolution: {integrity: sha512-7zPs8YCe/ZVJTwd+5lpB0CP0tkn2pONf/T1ycmVY76u21Nrwt8mXQGc/2yH2eWP4B7fikYBr3hGr7mpR2fajqQ==}
    cpu: [x64]
    os: [win32]

  '@rspack/binding@2.0.8':
    resolution: {integrity: sha512-3uZ+y8aQxq33ty2srMxg2Nu0XuBI6vVrG50rkDaXqwWqOohfgGUSfFuQK7EnSUNy4aFUQlCG6NHialQHJov0wg==}

  '@rspack/core@2.0.8':
    resolution: {integrity: sha512-+NLGJf8gZxihDmMFzjlly3toc2SMjeDmuvz0/Cai9AMdV4F+Pqcnt2BA9V4e3SY2jmhJQtPwgyyLtR1RiJO77g==}
    engines: {node: ^20.19.0 || >=22.12.0}
    peerDependencies:
      '@module-federation/runtime-tools': ^0.24.1 || ^2.0.0
      '@swc/helpers': ^0.5.23
    peerDependenciesMeta:
      '@module-federation/runtime-tools':
        optional: true
      '@swc/helpers':
        optional: true

  '@rspack/plugin-react-refresh@2.0.0':
    resolution: {integrity: sha512-Cf6CxBStNDJbiXMc/GmsvG1G8PRlUpa0MSfWsMTI+e8npzuTN/p8nwLs3shriBZOLciqgkSZpBtPTd10BLpj1g==}
    peerDependencies:
      '@rspack/core': ^2.0.0-0
      react-refresh: '>=0.10.0 <1.0.0'
    peerDependenciesMeta:
      '@rspack/core':
        optional: true

  '@swc/helpers@0.5.23':
    resolution: {integrity: sha512-5lSsMOTXURePglDfvuAQUqkGek9Hg2kksOYay2m0+XR++b2NWYL/4sWyuvVBIs8oKnJaxkdi9whaL/sqN13afw==}

  '@tybys/wasm-util@0.10.2':
    resolution: {integrity: sha512-RoBvJ2X0wuKlWFIjrwffGw1IqZHKQqzIchKaadZZfnNpsAYp2mM0h36JtPCjNDAHGgYez/15uMBpfGwchhiMgg==}

  '@types/json-schema@7.0.15':
    resolution: {integrity: sha512-5+fP8P8MFNC+AyZCDxrB2pkZFPGzqQWUzpSeuuVLvm8VMcorNYavBqoFcxK8bQz4Qsbn4oUEEem4wDLfcysGHA==}

  '@types/react-dom@19.2.3':
    resolution: {integrity: sha512-jp2L/eY6fn+KgVVQAOqYItbF0VY/YApe5Mz2F0aykSO8gx31bYCZyvSeYxCHKvzHG5eZjc+zyaS5BrBWya2+kQ==}
    peerDependencies:
      '@types/react': ^19.2.0

  '@types/react@19.2.17':
    resolution: {integrity: sha512-MXfmqaVPEVgkBT/aY0aGCkRWWtByiYQXo3xdQ8r5RzuFrPiRn8Gar2tQdXSUQ2GKV3bkXckek89V8wQBY2Q/Aw==}

  '@types/semver@7.5.8':
    resolution: {integrity: sha512-I8EUhyrgfLrcTkzV3TSsGyl1tSuPrEDzr0yd5m90UgNxQkyDXULk3b6MlQqTCpZpNtWe1K0hzclnZkTcLBe2UQ==}

  adm-zip@0.5.10:
    resolution: {integrity: sha512-x0HvcHqVJNTPk/Bw8JbLWlWoo6Wwnsug0fnYYro1HBrjxZ3G7/AZk7Ahv8JwDe1uIcz8eBqvu86FuF1POiG7vQ==}
    engines: {node: '>=6.0'}

  ajv-formats@2.1.1:
    resolution: {integrity: sha512-Wx0Kx52hxE7C18hkMEggYlEifqWZtYaRgouJor+WMdPnQyEK13vgEWyVNup7SoeeoLMsr4kf5h6dOW11I15MUA==}
    peerDependencies:
      ajv: ^8.0.0
    peerDependenciesMeta:
      ajv:
        optional: true

  ajv-keywords@5.1.0:
    resolution: {integrity: sha512-YCS/JNFAUyr5vAuhk1DWm1CBxRHW9LbJ2ozWeemrIqpbsqKjHVxYPyi5GC0rjZIT5JxJ3virVTS8wk4i/Z+krw==}
    peerDependencies:
      ajv: ^8.8.2

  ajv@8.20.0:
    resolution: {integrity: sha512-Thbli+OlOj+iMPYFBVBfJ3OmCAnaSyNn4M1vz9T6Gka5Jt9ba/HIR56joy65tY6kx/FCF5VXNB819Y7/GUrBGA==}

  ansi-colors@4.1.3:
    resolution: {integrity: sha512-/6w/C21Pm1A7aZitlI5Ni/2J6FFQN8i1Cvz3kHABAAbw93v/NlvKdVOqz7CCWz/3iv/JplRSEEZ83XION15ovw==}
    engines: {node: '>=6'}

  commander@11.1.0:
    resolution: {integrity: sha512-yPVavfyCcRhmorC7rWlkHn15b4wDVgVmBA7kV4QVBsF7kv/9TKJAbAXVTxvTnwP8HHKjRCJDClKbciiYS7p0DQ==}
    engines: {node: '>=16'}

  cron-parser@4.9.0:
    resolution: {integrity: sha512-p0SaNjrHOnQeR8/VnfGbmg9te2kfyYSQ7Sc/j/6DtPL3JQvKxmjO9TSjNFpujqV3vEYYBvNNvXSxzyksBWAx1Q==}
    engines: {node: '>=12.0.0'}

  csstype@3.2.3:
    resolution: {integrity: sha512-z1HGKcYy2xA8AGQfwrn0PAy+PB7X/GSj3UVJW9qKyn43xWa+gl5nXmU4qqLMRzWVLFC8KusUX8T/0kCiOYpAIQ==}

  encoding@0.1.13:
    resolution: {integrity: sha512-ETBauow1T35Y/WZMkio9jiM0Z5xjHHmJ4XmjZOq1l/dXz3lr2sRn87nJy20RupqSh1F2m3HHPSp8ShIPQJrJ3A==}

  expand-tilde@2.0.2:
    resolution: {integrity: sha512-A5EmesHW6rfnZ9ysHQjPdJRni0SRar0tjtG5MNtm9n5TUvsYU8oozprtRD4AqHxcZWWlVuAmQo2nWKfN9oyjTw==}
    engines: {node: '>=0.10.0'}

  fast-deep-equal@3.1.3:
    resolution: {integrity: sha512-f3qQ9oQy9j2AhBe/H9VC91wLmKBCCU/gDOnKNAYG5hswO7BLKj09Hc5HYNz9cGI++xlpDCIgDaitVs03ATR84Q==}

  fast-uri@3.1.2:
    resolution: {integrity: sha512-rVjf7ArG3LTk+FS6Yw81V1DLuZl1bRbNrev6Tmd/9RaroeeRRJhAt7jg/6YFxbvAQXUCavSoZhPPj6oOx+5KjQ==}

  find-file-up@2.0.1:
    resolution: {integrity: sha512-qVdaUhYO39zmh28/JLQM5CoYN9byEOKEH4qfa8K1eNV17W0UUMJ9WgbR/hHFH+t5rcl+6RTb5UC7ck/I+uRkpQ==}
    engines: {node: '>=8'}

  find-pkg@2.0.0:
    resolution: {integrity: sha512-WgZ+nKbELDa6N3i/9nrHeNznm+lY3z4YfhDDWgW+5P0pdmMj26bxaxU11ookgY3NyP9GC7HvZ9etp0jRFqGEeQ==}
    engines: {node: '>=8'}

  function-bind@1.1.2:
    resolution: {integrity: sha512-7XHNxH7qX9xG5mIwxkhumTox/MIRNcOgDrxWsMt2pAr23WHp6MrRlN7FBSFpCpr+oVO0F744iUgR82nJMfG2SA==}

  global-modules@1.0.0:
    resolution: {integrity: sha512-sKzpEkf11GpOFuw0Zzjzmt4B4UZwjOcG757PPvrfhxcLFbq0wpsgpOqxpxtxFiCG4DtG93M6XRVbF2oGdev7bg==}
    engines: {node: '>=0.10.0'}

  global-prefix@1.0.2:
    resolution: {integrity: sha512-5lsx1NUDHtSjfg0eHlmYvZKv8/nVqX4ckFbM+FrGcQ+04KWcWFo9P5MxPZYSzUvyzmdTbI7Eix8Q4IbELDqzKg==}
    engines: {node: '>=0.10.0'}

  hasown@2.0.4:
    resolution: {integrity: sha512-T2UbfbBEF32wiepXIsMlTW9+dDYC6wMh/t/vYA4tuOMKqWz/n3vr1NFSxQiyP+zk2mXsoMA/i/7qV6LKut1t1A==}
    engines: {node: '>= 0.4'}

  homedir-polyfill@1.0.3:
    resolution: {integrity: sha512-eSmmWE5bZTK2Nou4g0AI3zZ9rswp7GRKoKXS1BLUkvPviOqs4YTN1djQIqrXy9k5gEtdLPy86JjRwsNM9tnDcA==}
    engines: {node: '>=0.10.0'}

  iconv-lite@0.6.3:
    resolution: {integrity: sha512-4fCk79wshMdzMp2rH06qWrJE4iolqLhCUH+OiuIgU++RB0+94NlDL81atO7GX55uUKueo0txHNtvEyI6D7WdMw==}
    engines: {node: '>=0.10.0'}

  ini@1.3.8:
    resolution: {integrity: sha512-JV/yugV2uzW5iMRSiZAyDtQd+nxtUnjeLt0acNdw98kKLrvuRVyB80tsREOE7yvGVgalhZ6RNXCmEHkUKBKxew==}

  is-core-module@2.16.2:
    resolution: {integrity: sha512-evOr8xfXKxE6qSR0hSXL2r3sd7ALj8+7jQEUvPYcm5sgZFdJ+AYzT6yNmJenvIYQBgIGwfwz08sL8zoL7yq2BA==}
    engines: {node: '>= 0.4'}

  is-windows@1.0.2:
    resolution: {integrity: sha512-eXK1UInq2bPmjyX6e3VHIzMLobc4J94i4AWn+Hpq3OU5KkrRC96OAcR3PRJ/pGu6m8TRnBHP9dkXQVsT/COVIA==}
    engines: {node: '>=0.10.0'}

  isexe@2.0.0:
    resolution: {integrity: sha512-RHxMLp9lnKHGHRng9QFhRCMbYAcVpn69smSGcq3f36xjgVVWThj4qqLbTLlq7Ssj8B+fIQ1EuCEGI2lKsyQeIw==}

  isomorphic-ws@5.0.0:
    resolution: {integrity: sha512-muId7Zzn9ywDsyXgTIafTry2sV3nySZeUDe6YedVd1Hvuuep5AsIlqK+XefWpYTyJG5e503F2xIuT2lcU6rCSw==}
    peerDependencies:
      ws: '*'

  jiti@2.4.2:
    resolution: {integrity: sha512-rg9zJN+G4n2nfJl5MW3BMygZX56zKPNVEYYqq7adpmMh4Jn2QNEwhvQlFy6jPVdcod7txZtKHWnyZiA3a0zP7A==}
    hasBin: true

  json-schema-traverse@1.0.0:
    resolution: {integrity: sha512-NM8/P9n3XjXhIZn1lLhkFaACTOURQXjWhV4BA/RnOv8xvgqtqpAX9IO4mRQxSx1Rlo4tqzeqb0sOlruaOy3dug==}

  long-timeout@0.1.1:
    resolution: {integrity: sha512-BFRuQUqc7x2NWxfJBCyUrN8iYUYznzL9JROmRz1gZ6KlOIgmoD+njPVbb+VNn2nGMKggMsK79iUNErillsrx7w==}

  luxon@3.7.2:
    resolution: {integrity: sha512-vtEhXh/gNjI9Yg1u4jX/0YVPMvxzHuGgCm6tC5kZyb08yjGWGnqAjGJvcXbqQR2P3MyMEFnRbpcdFS6PBcLqew==}
    engines: {node: '>=12'}

  node-fetch@2.7.0:
    resolution: {integrity: sha512-c4FRfUm/dbcWZ7U+1Wq0AwCyFL+3nt2bEw05wfxSz+DWpWsitgmSgYmy2dQdWyKC1694ELPqMs/YzUSNozLt8A==}
    engines: {node: 4.x || >=6.0.0}
    peerDependencies:
      encoding: ^0.1.0
    peerDependenciesMeta:
      encoding:
        optional: true

  node-schedule@2.1.1:
    resolution: {integrity: sha512-OXdegQq03OmXEjt2hZP33W2YPs/E5BcFQks46+G2gAxs4gHOIVD1u7EqlYLYSKsaIpyKCK9Gbk0ta1/gjRSMRQ==}
    engines: {node: '>=6'}

  parse-passwd@1.0.0:
    resolution: {integrity: sha512-1Y1A//QUXEZK7YKz+rD9WydcE1+EuPr6ZBgKecAB8tmoW6UFv0NREVJe1p+jRxtThkcbbKkfwIbWJe/IeE6m2Q==}
    engines: {node: '>=0.10.0'}

  path-parse@1.0.7:
    resolution: {integrity: sha512-LDJzPVEEEPR+y48z93A0Ed0yXb8pAByGWo/k5YYdYgpY2/2EsOsksJrq7lOHxryrVOn1ejG6oAp8ahvOIQD8sw==}

  react-dom@19.2.7:
    resolution: {integrity: sha512-t0BRVXvbiE/o20Hfw669rLbMCDWtYZLvmJigy2f0MxsXF+71pxhR3xOkspmsO8h3ZlNzyibAmtCa3l4lYKk6gQ==}
    peerDependencies:
      react: ^19.2.7

  react-refresh@0.18.0:
    resolution: {integrity: sha512-QgT5//D3jfjJb6Gsjxv0Slpj23ip+HtOpnNgnb2S5zU3CB26G/IDPGoy4RJB42wzFE46DRsstbW6tKHoKbhAxw==}
    engines: {node: '>=0.10.0'}

  react@19.2.7:
    resolution: {integrity: sha512-HNe9WslTbXmFK8o8cmwgAeJFSBvt1bPdHCVKtaaV+WlAN36mpT4hcRpwbf3fY56ar2oIXzsBpOAiIRHAdY0OlQ==}
    engines: {node: '>=0.10.0'}

  require-from-string@2.0.2:
    resolution: {integrity: sha512-Xf0nWe6RseziFMu+Ap9biiUbmplq6S9/p+7w7YXP/JBHhrUDDUhwa+vANyubuqfZWTveU//DYVGsDG7RKL/vEw==}
    engines: {node: '>=0.10.0'}

  resolve-dir@1.0.1:
    resolution: {integrity: sha512-R7uiTjECzvOsWSfdM0QKFNBVFcK27aHOUwdvK53BcW8zqnGdYp0Fbj82cy54+2A4P2tFM22J5kRfe1R+lM/1yg==}
    engines: {node: '>=0.10.0'}

  resolve@1.22.8:
    resolution: {integrity: sha512-oKWePCxqpd6FlLvGV1VU0x7bkPmmCNolxzjMf4NczoDnQcIWrAF+cPtZn5i6n+RfD2d9i0tzpKnG6Yk168yIyw==}
    hasBin: true

  safer-buffer@2.1.2:
    resolution: {integrity: sha512-YZo3K82SD7Riyi0E1EQPojLz7kpepnSQI9IyPbHHg1XXXevb5dJI7tpyN2ADxGcQbHG7vcyRHk0cbwqcQriUtg==}

  scheduler@0.27.0:
    resolution: {integrity: sha512-eNv+WrVbKu1f3vbYJT/xtiF5syA5HPIMtf9IgY/nKg0sWqzAUEvqY/xm7OcZc/qafLx/iO9FgOmeSAp4v5ti/Q==}

  schema-utils@4.3.0:
    resolution: {integrity: sha512-Gf9qqc58SpCA/xdziiHz35F4GNIWYWZrEshUc/G/r5BnLph6xpKuLeoJoQuj5WfBIx/eQLf+hmVPYHaxJu7V2g==}
    engines: {node: '>= 10.13.0'}

  semver@7.6.3:
    resolution: {integrity: sha512-oVekP1cKtI+CTDvHWYFUcMtsK/00wmAEfyqKfNdARm8u1wNVhSgaX7A8d4UuIlUI5e84iEwOhs7ZPYRmzU9U6A==}
    engines: {node: '>=10'}
    hasBin: true

  sorted-array-functions@1.3.0:
    resolution: {integrity: sha512-2sqgzeFlid6N4Z2fUQ1cvFmTOLRi/sEDzSQ0OKYchqgoPmQBVyM3959qYx3fpS6Esef80KjmpgPeEr028dP3OA==}

  supports-preserve-symlinks-flag@1.0.0:
    resolution: {integrity: sha512-ot0WnXS9fgdkgIcePe6RHNk1WA8+muPa6cSjeR3V8K27q9BB1rTE3R1p7Hv0z1ZyAc8s6Vvv8DIyWf681MAt0w==}
    engines: {node: '>= 0.4'}

  tapable@2.3.0:
    resolution: {integrity: sha512-g9ljZiwki/LfxmQADO3dEY1CbpmXT5Hm2fJ+QaGKwSXUylMybePR7/67YW7jOrrvjEgL1Fmz5kzyAjWVWLlucg==}
    engines: {node: '>=6'}

  tr46@0.0.3:
    resolution: {integrity: sha512-N3WMsuqV66lT30CrXNbEjx4GEwlow3v6rr4mCcv6prnfwhS01rkgyFdjPNBYd9br7LpXV1+Emh01fHnq2Gdgrw==}

  tslib@2.8.1:
    resolution: {integrity: sha512-oJFu94HQb+KVduSUQL7wnpmqnfmLsOA/nAh6b6EH0wCEoK0/mPeXU6c3wKDV83MkOuHPRHtSXKKU99IBazS/2w==}

  typescript@6.0.3:
    resolution: {integrity: sha512-y2TvuxSZPDyQakkFRPZHKFm+KKVqIisdg9/CZwm9ftvKXLP8NRWj38/ODjNbr43SsoXqNuAisEf1GdCxqWcdBw==}
    engines: {node: '>=14.17'}
    hasBin: true

  undici@7.24.7:
    resolution: {integrity: sha512-H/nlJ/h0ggGC+uRL3ovD+G0i4bqhvsDOpbDv7At5eFLlj2b41L8QliGbnl2H7SnDiYhENphh1tQFJZf+MyfLsQ==}
    engines: {node: '>=20.18.1'}

  upath@2.0.1:
    resolution: {integrity: sha512-1uEe95xksV1O0CYKXo8vQvN1JEbtJp7lb7C5U9HMsIp6IVwntkH/oNUzyVNQSd4S1sYk2FpSSW44FqMc8qee5w==}
    engines: {node: '>=4'}

  webidl-conversions@3.0.1:
    resolution: {integrity: sha512-2JAn3z8AR6rjK8Sm8orRC0h/bcl/DqL7tRPdGZ4I1CjdF+EaMLmYxBHyXuKL849eucPFhvBoxMsflfOb8kxaeQ==}

  whatwg-url@5.0.0:
    resolution: {integrity: sha512-saE57nupxk6v3HY35+jzBwYa0rKSy0XR8JSxZPwgLr7ys0IBzhGviA1/TUGJLmSVqs8pb9AnvICXEuOHLprYTw==}

  which@1.3.1:
    resolution: {integrity: sha512-HxJdYWq1MTIQbJ3nw0cqssHoTNU267KlrDuGZ1WYlxDStUtKUhOaJmh112/TZmHxxUfuJqPXSOm7tDyas0OSIQ==}
    hasBin: true

  ws@8.21.0:
    resolution: {integrity: sha512-Vsp28b7DRcimFQvrqu2Wek3z1iYxDCWqHYB8Qsnk/S4RfaCQzPGPyBNuVjJV3cd6UiKtUtp6sNM77gWvzcCH+g==}
    engines: {node: '>=10.0.0'}
    peerDependencies:
      bufferutil: ^4.0.1
      utf-8-validate: '>=5.0.2'
    peerDependenciesMeta:
      bufferutil:
        optional: true
      utf-8-validate:
        optional: true

snapshots:

  '@emnapi/core@1.10.0':
    dependencies:
      '@emnapi/wasi-threads': 1.2.1
      tslib: 2.8.1
    optional: true

  '@emnapi/runtime@1.10.0':
    dependencies:
      tslib: 2.8.1
    optional: true

  '@emnapi/wasi-threads@1.2.1':
    dependencies:
      tslib: 2.8.1
    optional: true

  '@module-federation/bridge-react-webpack-plugin@2.5.1(node-fetch@2.7.0(encoding@0.1.13))':
    dependencies:
      '@module-federation/sdk': 2.5.1(node-fetch@2.7.0(encoding@0.1.13))
      '@types/semver': 7.5.8
      semver: 7.6.3
    transitivePeerDependencies:
      - node-fetch

  '@module-federation/cli@2.5.1(node-fetch@2.7.0(encoding@0.1.13))(typescript@6.0.3)':
    dependencies:
      '@module-federation/dts-plugin': 2.5.1(node-fetch@2.7.0(encoding@0.1.13))(typescript@6.0.3)
      '@module-federation/sdk': 2.5.1(node-fetch@2.7.0(encoding@0.1.13))
      commander: 11.1.0
      jiti: 2.4.2
    transitivePeerDependencies:
      - bufferutil
      - node-fetch
      - typescript
      - utf-8-validate
      - vue-tsc

  '@module-federation/dts-plugin@2.5.1(node-fetch@2.7.0(encoding@0.1.13))(typescript@6.0.3)':
    dependencies:
      '@module-federation/error-codes': 2.5.1
      '@module-federation/managers': 2.5.1(node-fetch@2.7.0(encoding@0.1.13))
      '@module-federation/sdk': 2.5.1(node-fetch@2.7.0(encoding@0.1.13))
      '@module-federation/third-party-dts-extractor': 2.5.1
      adm-zip: 0.5.10
      ansi-colors: 4.1.3
      isomorphic-ws: 5.0.0(ws@8.21.0)
      node-schedule: 2.1.1
      typescript: 6.0.3
      undici: 7.24.7
      ws: 8.21.0
    transitivePeerDependencies:
      - bufferutil
      - node-fetch
      - utf-8-validate

  '@module-federation/enhanced@2.5.1(@rspack/core@2.0.8(@module-federation/runtime-tools@2.5.1(node-fetch@2.7.0(encoding@0.1.13)))(@swc/helpers@0.5.23))(node-fetch@2.7.0(encoding@0.1.13))(typescript@6.0.3)':
    dependencies:
      '@module-federation/bridge-react-webpack-plugin': 2.5.1(node-fetch@2.7.0(encoding@0.1.13))
      '@module-federation/cli': 2.5.1(node-fetch@2.7.0(encoding@0.1.13))(typescript@6.0.3)
      '@module-federation/dts-plugin': 2.5.1(node-fetch@2.7.0(encoding@0.1.13))(typescript@6.0.3)
      '@module-federation/error-codes': 2.5.1
      '@module-federation/inject-external-runtime-core-plugin': 2.5.1(@module-federation/runtime-tools@2.5.1(node-fetch@2.7.0(encoding@0.1.13)))
      '@module-federation/managers': 2.5.1(node-fetch@2.7.0(encoding@0.1.13))
      '@module-federation/manifest': 2.5.1(node-fetch@2.7.0(encoding@0.1.13))(typescript@6.0.3)
      '@module-federation/rspack': 2.5.1(@rspack/core@2.0.8(@module-federation/runtime-tools@2.5.1(node-fetch@2.7.0(encoding@0.1.13)))(@swc/helpers@0.5.23))(node-fetch@2.7.0(encoding@0.1.13))(typescript@6.0.3)
      '@module-federation/runtime-tools': 2.5.1(node-fetch@2.7.0(encoding@0.1.13))
      '@module-federation/sdk': 2.5.1(node-fetch@2.7.0(encoding@0.1.13))
      '@module-federation/webpack-bundler-runtime': 2.5.1(node-fetch@2.7.0(encoding@0.1.13))
      schema-utils: 4.3.0
      tapable: 2.3.0
      upath: 2.0.1
    optionalDependencies:
      typescript: 6.0.3
    transitivePeerDependencies:
      - '@rspack/core'
      - bufferutil
      - node-fetch
      - utf-8-validate

  '@module-federation/error-codes@2.5.1': {}

  '@module-federation/inject-external-runtime-core-plugin@2.5.1(@module-federation/runtime-tools@2.5.1(node-fetch@2.7.0(encoding@0.1.13)))':
    dependencies:
      '@module-federation/runtime-tools': 2.5.1(node-fetch@2.7.0(encoding@0.1.13))

  '@module-federation/managers@2.5.1(node-fetch@2.7.0(encoding@0.1.13))':
    dependencies:
      '@module-federation/sdk': 2.5.1(node-fetch@2.7.0(encoding@0.1.13))
      find-pkg: 2.0.0
    transitivePeerDependencies:
      - node-fetch

  '@module-federation/manifest@2.5.1(node-fetch@2.7.0(encoding@0.1.13))(typescript@6.0.3)':
    dependencies:
      '@module-federation/dts-plugin': 2.5.1(node-fetch@2.7.0(encoding@0.1.13))(typescript@6.0.3)
      '@module-federation/managers': 2.5.1(node-fetch@2.7.0(encoding@0.1.13))
      '@module-federation/sdk': 2.5.1(node-fetch@2.7.0(encoding@0.1.13))
      find-pkg: 2.0.0
    transitivePeerDependencies:
      - bufferutil
      - node-fetch
      - typescript
      - utf-8-validate
      - vue-tsc

  '@module-federation/node@2.7.44(@rspack/core@2.0.8(@module-federation/runtime-tools@2.5.1(node-fetch@2.7.0(encoding@0.1.13)))(@swc/helpers@0.5.23))(typescript@6.0.3)':
    dependencies:
      '@module-federation/enhanced': 2.5.1(@rspack/core@2.0.8(@module-federation/runtime-tools@2.5.1(node-fetch@2.7.0(encoding@0.1.13)))(@swc/helpers@0.5.23))(node-fetch@2.7.0(encoding@0.1.13))(typescript@6.0.3)
      '@module-federation/runtime': 2.5.1(node-fetch@2.7.0(encoding@0.1.13))
      '@module-federation/sdk': 2.5.1(node-fetch@2.7.0(encoding@0.1.13))
      encoding: 0.1.13
      node-fetch: 2.7.0(encoding@0.1.13)
      tapable: 2.3.0
    transitivePeerDependencies:
      - '@rspack/core'
      - bufferutil
      - typescript
      - utf-8-validate
      - vue-tsc

  '@module-federation/rsbuild-plugin@2.5.1(@rsbuild/core@2.0.12(@module-federation/runtime-tools@2.5.1(node-fetch@2.7.0(encoding@0.1.13))))(@rspack/core@2.0.8(@module-federation/runtime-tools@2.5.1(node-fetch@2.7.0(encoding@0.1.13)))(@swc/helpers@0.5.23))(node-fetch@2.7.0(encoding@0.1.13))(typescript@6.0.3)':
    dependencies:
      '@module-federation/enhanced': 2.5.1(@rspack/core@2.0.8(@module-federation/runtime-tools@2.5.1(node-fetch@2.7.0(encoding@0.1.13)))(@swc/helpers@0.5.23))(node-fetch@2.7.0(encoding@0.1.13))(typescript@6.0.3)
      '@module-federation/node': 2.7.44(@rspack/core@2.0.8(@module-federation/runtime-tools@2.5.1(node-fetch@2.7.0(encoding@0.1.13)))(@swc/helpers@0.5.23))(typescript@6.0.3)
      '@module-federation/sdk': 2.5.1(node-fetch@2.7.0(encoding@0.1.13))
    optionalDependencies:
      '@rsbuild/core': 2.0.12(@module-federation/runtime-tools@2.5.1(node-fetch@2.7.0(encoding@0.1.13)))
    transitivePeerDependencies:
      - '@rspack/core'
      - bufferutil
      - node-fetch
      - typescript
      - utf-8-validate
      - vue-tsc
      - webpack

  '@module-federation/rspack@2.5.1(@rspack/core@2.0.8(@module-federation/runtime-tools@2.5.1(node-fetch@2.7.0(encoding@0.1.13)))(@swc/helpers@0.5.23))(node-fetch@2.7.0(encoding@0.1.13))(typescript@6.0.3)':
    dependencies:
      '@module-federation/bridge-react-webpack-plugin': 2.5.1(node-fetch@2.7.0(encoding@0.1.13))
      '@module-federation/dts-plugin': 2.5.1(node-fetch@2.7.0(encoding@0.1.13))(typescript@6.0.3)
      '@module-federation/inject-external-runtime-core-plugin': 2.5.1(@module-federation/runtime-tools@2.5.1(node-fetch@2.7.0(encoding@0.1.13)))
      '@module-federation/managers': 2.5.1(node-fetch@2.7.0(encoding@0.1.13))
      '@module-federation/manifest': 2.5.1(node-fetch@2.7.0(encoding@0.1.13))(typescript@6.0.3)
      '@module-federation/runtime-tools': 2.5.1(node-fetch@2.7.0(encoding@0.1.13))
      '@module-federation/sdk': 2.5.1(node-fetch@2.7.0(encoding@0.1.13))
      '@rspack/core': 2.0.8(@module-federation/runtime-tools@2.5.1(node-fetch@2.7.0(encoding@0.1.13)))(@swc/helpers@0.5.23)
    optionalDependencies:
      typescript: 6.0.3
    transitivePeerDependencies:
      - bufferutil
      - node-fetch
      - utf-8-validate

  '@module-federation/runtime-core@2.5.1(node-fetch@2.7.0(encoding@0.1.13))':
    dependencies:
      '@module-federation/error-codes': 2.5.1
      '@module-federation/sdk': 2.5.1(node-fetch@2.7.0(encoding@0.1.13))
    transitivePeerDependencies:
      - node-fetch

  '@module-federation/runtime-tools@2.5.1(node-fetch@2.7.0(encoding@0.1.13))':
    dependencies:
      '@module-federation/runtime': 2.5.1(node-fetch@2.7.0(encoding@0.1.13))
      '@module-federation/webpack-bundler-runtime': 2.5.1(node-fetch@2.7.0(encoding@0.1.13))
    transitivePeerDependencies:
      - node-fetch

  '@module-federation/runtime@2.5.1(node-fetch@2.7.0(encoding@0.1.13))':
    dependencies:
      '@module-federation/error-codes': 2.5.1
      '@module-federation/runtime-core': 2.5.1(node-fetch@2.7.0(encoding@0.1.13))
      '@module-federation/sdk': 2.5.1(node-fetch@2.7.0(encoding@0.1.13))
    transitivePeerDependencies:
      - node-fetch

  '@module-federation/sdk@2.5.1(node-fetch@2.7.0(encoding@0.1.13))':
    optionalDependencies:
      node-fetch: 2.7.0(encoding@0.1.13)

  '@module-federation/third-party-dts-extractor@2.5.1':
    dependencies:
      find-pkg: 2.0.0
      resolve: 1.22.8

  '@module-federation/webpack-bundler-runtime@2.5.1(node-fetch@2.7.0(encoding@0.1.13))':
    dependencies:
      '@module-federation/error-codes': 2.5.1
      '@module-federation/runtime': 2.5.1(node-fetch@2.7.0(encoding@0.1.13))
      '@module-federation/sdk': 2.5.1(node-fetch@2.7.0(encoding@0.1.13))
    transitivePeerDependencies:
      - node-fetch

  '@napi-rs/wasm-runtime@1.1.4(@emnapi/core@1.10.0)(@emnapi/runtime@1.10.0)':
    dependencies:
      '@emnapi/core': 1.10.0
      '@emnapi/runtime': 1.10.0
      '@tybys/wasm-util': 0.10.2
    optional: true

  '@rsbuild/core@2.0.12(@module-federation/runtime-tools@2.5.1(node-fetch@2.7.0(encoding@0.1.13)))':
    dependencies:
      '@rspack/core': 2.0.8(@module-federation/runtime-tools@2.5.1(node-fetch@2.7.0(encoding@0.1.13)))(@swc/helpers@0.5.23)
      '@swc/helpers': 0.5.23
    transitivePeerDependencies:
      - '@module-federation/runtime-tools'

  '@rsbuild/plugin-react@2.0.1(@rsbuild/core@2.0.12(@module-federation/runtime-tools@2.5.1(node-fetch@2.7.0(encoding@0.1.13))))(@rspack/core@2.0.8(@module-federation/runtime-tools@2.5.1(node-fetch@2.7.0(encoding@0.1.13)))(@swc/helpers@0.5.23))':
    dependencies:
      '@rspack/plugin-react-refresh': 2.0.0(@rspack/core@2.0.8(@module-federation/runtime-tools@2.5.1(node-fetch@2.7.0(encoding@0.1.13)))(@swc/helpers@0.5.23))(react-refresh@0.18.0)
      react-refresh: 0.18.0
    optionalDependencies:
      '@rsbuild/core': 2.0.12(@module-federation/runtime-tools@2.5.1(node-fetch@2.7.0(encoding@0.1.13)))
    transitivePeerDependencies:
      - '@rspack/core'

  '@rspack/binding-darwin-arm64@2.0.8':
    optional: true

  '@rspack/binding-darwin-x64@2.0.8':
    optional: true

  '@rspack/binding-linux-arm64-gnu@2.0.8':
    optional: true

  '@rspack/binding-linux-arm64-musl@2.0.8':
    optional: true

  '@rspack/binding-linux-x64-gnu@2.0.8':
    optional: true

  '@rspack/binding-linux-x64-musl@2.0.8':
    optional: true

  '@rspack/binding-wasm32-wasi@2.0.8':
    dependencies:
      '@emnapi/core': 1.10.0
      '@emnapi/runtime': 1.10.0
      '@napi-rs/wasm-runtime': 1.1.4(@emnapi/core@1.10.0)(@emnapi/runtime@1.10.0)
    optional: true

  '@rspack/binding-win32-arm64-msvc@2.0.8':
    optional: true

  '@rspack/binding-win32-ia32-msvc@2.0.8':
    optional: true

  '@rspack/binding-win32-x64-msvc@2.0.8':
    optional: true

  '@rspack/binding@2.0.8':
    optionalDependencies:
      '@rspack/binding-darwin-arm64': 2.0.8
      '@rspack/binding-darwin-x64': 2.0.8
      '@rspack/binding-linux-arm64-gnu': 2.0.8
      '@rspack/binding-linux-arm64-musl': 2.0.8
      '@rspack/binding-linux-x64-gnu': 2.0.8
      '@rspack/binding-linux-x64-musl': 2.0.8
      '@rspack/binding-wasm32-wasi': 2.0.8
      '@rspack/binding-win32-arm64-msvc': 2.0.8
      '@rspack/binding-win32-ia32-msvc': 2.0.8
      '@rspack/binding-win32-x64-msvc': 2.0.8

  '@rspack/core@2.0.8(@module-federation/runtime-tools@2.5.1(node-fetch@2.7.0(encoding@0.1.13)))(@swc/helpers@0.5.23)':
    dependencies:
      '@rspack/binding': 2.0.8
    optionalDependencies:
      '@module-federation/runtime-tools': 2.5.1(node-fetch@2.7.0(encoding@0.1.13))
      '@swc/helpers': 0.5.23

  '@rspack/plugin-react-refresh@2.0.0(@rspack/core@2.0.8(@module-federation/runtime-tools@2.5.1(node-fetch@2.7.0(encoding@0.1.13)))(@swc/helpers@0.5.23))(react-refresh@0.18.0)':
    dependencies:
      react-refresh: 0.18.0
    optionalDependencies:
      '@rspack/core': 2.0.8(@module-federation/runtime-tools@2.5.1(node-fetch@2.7.0(encoding@0.1.13)))(@swc/helpers@0.5.23)

  '@swc/helpers@0.5.23':
    dependencies:
      tslib: 2.8.1

  '@tybys/wasm-util@0.10.2':
    dependencies:
      tslib: 2.8.1
    optional: true

  '@types/json-schema@7.0.15': {}

  '@types/react-dom@19.2.3(@types/react@19.2.17)':
    dependencies:
      '@types/react': 19.2.17

  '@types/react@19.2.17':
    dependencies:
      csstype: 3.2.3

  '@types/semver@7.5.8': {}

  adm-zip@0.5.10: {}

  ajv-formats@2.1.1(ajv@8.20.0):
    optionalDependencies:
      ajv: 8.20.0

  ajv-keywords@5.1.0(ajv@8.20.0):
    dependencies:
      ajv: 8.20.0
      fast-deep-equal: 3.1.3

  ajv@8.20.0:
    dependencies:
      fast-deep-equal: 3.1.3
      fast-uri: 3.1.2
      json-schema-traverse: 1.0.0
      require-from-string: 2.0.2

  ansi-colors@4.1.3: {}

  commander@11.1.0: {}

  cron-parser@4.9.0:
    dependencies:
      luxon: 3.7.2

  csstype@3.2.3: {}

  encoding@0.1.13:
    dependencies:
      iconv-lite: 0.6.3

  expand-tilde@2.0.2:
    dependencies:
      homedir-polyfill: 1.0.3

  fast-deep-equal@3.1.3: {}

  fast-uri@3.1.2: {}

  find-file-up@2.0.1:
    dependencies:
      resolve-dir: 1.0.1

  find-pkg@2.0.0:
    dependencies:
      find-file-up: 2.0.1

  function-bind@1.1.2: {}

  global-modules@1.0.0:
    dependencies:
      global-prefix: 1.0.2
      is-windows: 1.0.2
      resolve-dir: 1.0.1

  global-prefix@1.0.2:
    dependencies:
      expand-tilde: 2.0.2
      homedir-polyfill: 1.0.3
      ini: 1.3.8
      is-windows: 1.0.2
      which: 1.3.1

  hasown@2.0.4:
    dependencies:
      function-bind: 1.1.2

  homedir-polyfill@1.0.3:
    dependencies:
      parse-passwd: 1.0.0

  iconv-lite@0.6.3:
    dependencies:
      safer-buffer: 2.1.2

  ini@1.3.8: {}

  is-core-module@2.16.2:
    dependencies:
      hasown: 2.0.4

  is-windows@1.0.2: {}

  isexe@2.0.0: {}

  isomorphic-ws@5.0.0(ws@8.21.0):
    dependencies:
      ws: 8.21.0

  jiti@2.4.2: {}

  json-schema-traverse@1.0.0: {}

  long-timeout@0.1.1: {}

  luxon@3.7.2: {}

  node-fetch@2.7.0(encoding@0.1.13):
    dependencies:
      whatwg-url: 5.0.0
    optionalDependencies:
      encoding: 0.1.13

  node-schedule@2.1.1:
    dependencies:
      cron-parser: 4.9.0
      long-timeout: 0.1.1
      sorted-array-functions: 1.3.0

  parse-passwd@1.0.0: {}

  path-parse@1.0.7: {}

  react-dom@19.2.7(react@19.2.7):
    dependencies:
      react: 19.2.7
      scheduler: 0.27.0

  react-refresh@0.18.0: {}

  react@19.2.7: {}

  require-from-string@2.0.2: {}

  resolve-dir@1.0.1:
    dependencies:
      expand-tilde: 2.0.2
      global-modules: 1.0.0

  resolve@1.22.8:
    dependencies:
      is-core-module: 2.16.2
      path-parse: 1.0.7
      supports-preserve-symlinks-flag: 1.0.0

  safer-buffer@2.1.2: {}

  scheduler@0.27.0: {}

  schema-utils@4.3.0:
    dependencies:
      '@types/json-schema': 7.0.15
      ajv: 8.20.0
      ajv-formats: 2.1.1(ajv@8.20.0)
      ajv-keywords: 5.1.0(ajv@8.20.0)

  semver@7.6.3: {}

  sorted-array-functions@1.3.0: {}

  supports-preserve-symlinks-flag@1.0.0: {}

  tapable@2.3.0: {}

  tr46@0.0.3: {}

  tslib@2.8.1: {}

  typescript@6.0.3: {}

  undici@7.24.7: {}

  upath@2.0.1: {}

  webidl-conversions@3.0.1: {}

  whatwg-url@5.0.0:
    dependencies:
      tr46: 0.0.3
      webidl-conversions: 3.0.1

  which@1.3.1:
    dependencies:
      isexe: 2.0.0

  ws@8.21.0: {}
